// !$*UTF8*$!
{
	archiveVersion = 1;
	classes = {
	};
	objectVersion = 46;
	objects = {

/* Begin PBXBuildFile section */
		270F6F241A903B61007016F8 /* main.m in Sources */ = {isa = PBXBuildFile; fileRef = 270F6F231A903B61007016F8 /* main.m */; };
		270F6F271A903B61007016F8 /* AppDelegate.m in Sources */ = {isa = PBXBuildFile; fileRef = 270F6F261A903B61007016F8 /* AppDelegate.m */; };
		270F6F2A1A903B61007016F8 /* ViewController.m in Sources */ = {isa = PBXBuildFile; fileRef = 270F6F291A903B61007016F8 /* ViewController.m */; };
		270F6F2D1A903B61007016F8 /* Main.storyboard in Resources */ = {isa = PBXBuildFile; fileRef = 270F6F2B1A903B61007016F8 /* Main.storyboard */; };
		270F6F2F1A903B61007016F8 /* Images.xcassets in Resources */ = {isa = PBXBuildFile; fileRef = 270F6F2E1A903B61007016F8 /* Images.xcassets */; };
		270F6F321A903B61007016F8 /* LaunchScreen.xib in Resources */ = {isa = PBXBuildFile; fileRef = 270F6F301A903B61007016F8 /* LaunchScreen.xib */; };
		270F6F3E1A903B61007016F8 /* RecThroughUnitTests.m in Sources */ = {isa = PBXBuildFile; fileRef = 270F6F3D1A903B61007016F8 /* RecThroughUnitTests.m */; };
/* End PBXBuildFile section */

/* Begin PBXContainerItemProxy section */
		270F6F381A903B61007016F8 /* PBXContainerItemProxy */ = {
			isa = PBXContainerItemProxy;
			containerPortal = 270F6F161A903B61007016F8 /* Project object */;
			proxyType = 1;
			remoteGlobalIDString = 270F6F1D1A903B61007016F8;
			remoteInfo = RecThroughUnit;
		};
/* End PBXContainerItemProxy section */

/* Begin PBXFileReference section */
		270F6F1E1A903B61007016F8 /* RecThroughUnit.app */ = {isa = PBXFileReference; explicitFileType = wrapper.application; includeInIndex = 0; path = RecThroughUnit.app; sourceTree = BUILT_PRODUCTS_DIR; };
		270F6F221A903B61007016F8 /* Info.plist */ = {isa = PBXFileReference; lastKnownFileType = text.plist.xml; path = Info.plist; sourceTree = "<group>"; };
		270F6F231A903B61007016F8 /* main.m */ = {isa = PBXFileReference; lastKnownFileType = sourcecode.c.objc; path = main.m; sourceTree = "<group>"; };
		270F6F251A903B61007016F8 /* AppDelegate.h */ = {isa = PBXFileReference; lastKnownFileType = sourcecode.c.h; path = AppDelegate.h; sourceTree = "<group>"; };
		270F6F261A903B61007016F8 /* AppDelegate.m */ = {isa = PBXFileReference; lastKnownFileType = sourcecode.c.objc; path = AppDelegate.m; sourceTree = "<group>"; };
		270F6F281A903B61007016F8 /* ViewController.h */ = {isa = PBXFileReference; lastKnownFileType = sourcecode.c.h; path = ViewController.h; sourceTree = "<group>"; };
		270F6F291A903B61007016F8 /* ViewController.m */ = {isa = PBXFileReference; lastKnownFileType = sourcecode.c.objc; path = ViewController.m; sourceTree = "<group>"; };
		270F6F2C1A903B61007016F8 /* Base */ = {isa = PBXFileReference; lastKnownFileType = file.storyboard; name = Base; path = Base.lproj/Main.storyboard; sourceTree = "<group>"; };
		270F6F2E1A903B61007016F8 /* Images.xcassets */ = {isa = PBXFileReference; lastKnownFileType = folder.assetcatalog; path = Images.xcassets; sourceTree = "<group>"; };
		270F6F311A903B61007016F8 /* Base */ = {isa = PBXFileReference; lastKnownFileType = file.xib; name = Base; path = Base.lproj/LaunchScreen.xib; sourceTree = "<group>"; };
		270F6F371A903B61007016F8 /* RecThroughUnitTests.xctest */ = {isa = PBXFileReference; explicitFileType = wrapper.cfbundle; includeInIndex = 0; path = RecThroughUnitTests.xctest; sourceTree = BUILT_PRODUCTS_DIR; };
		270F6F3C1A903B61007016F8 /* Info.plist */ = {isa = PBXFileReference; lastKnownFileType = text.plist.xml; path = Info.plist; sourceTree = "<group>"; };
		270F6F3D1A903B61007016F8 /* RecThroughUnitTests.m */ = {isa = PBXFileReference; lastKnownFileType = sourcecode.c.objc; path = RecThroughUnitTests.m; sourceTree = "<group>"; };
/* End PBXFileReference section */

/* Begin PBXFrameworksBuildPhase section */
		270F6F1B1A903B61007016F8 /* Frameworks */ = {
			isa = PBXFrameworksBuildPhase;
			buildActionMask = 2147483647;
			files = (
			);
			runOnlyForDeploymentPostprocessing = 0;
		};
		270F6F341A903B61007016F8 /* Frameworks */ = {
			isa = PBXFrameworksBuildPhase;
			buildActionMask = 2147483647;
			files = (
			);
			runOnlyForDeploymentPostprocessing = 0;
		};
/* End PBXFrameworksBuildPhase section */

/* Begin PBXGroup section */
		270F6F151A903B61007016F8 = {
			isa = PBXGroup;
			children = (
				270F6F201A903B61007016F8 /* RecThroughUnit */,
				270F6F3A1A903B61007016F8 /* RecThroughUnitTests */,
				270F6F1F1A903B61007016F8 /* Products */,
			);
			sourceTree = "<group>";
		};
		270F6F1F1A903B61007016F8 /* Products */ = {
			isa = PBXGroup;
			children = (
				270F6F1E1A903B61007016F8 /* RecThroughUnit.app */,
				270F6F371A903B61007016F8 /* RecThroughUnitTests.xctest */,
			);
			name = Products;
			sourceTree = "<group>";
		};
		270F6F201A903B61007016F8 /* RecThroughUnit */ = {
			isa = PBXGroup;
			children = (
				270F6F251A903B61007016F8 /* AppDelegate.h */,
				270F6F261A903B61007016F8 /* AppDelegate.m */,
				270F6F281A903B61007016F8 /* ViewController.h */,
				270F6F291A903B61007016F8 /* ViewController.m */,
				270F6F2B1A903B61007016F8 /* Main.storyboard */,
				270F6F2E1A903B61007016F8 /* Images.xcassets */,
				270F6F301A903B61007016F8 /* LaunchScreen.xib */,
				270F6F211A903B61007016F8 /* Supporting Files */,
			);
			path = RecThroughUnit;
			sourceTree = "<group>";
		};
		270F6F211A903B61007016F8 /* Supporting Files */ = {
			isa = PBXGroup;
			children = (
				270F6F221A903B61007016F8 /* Info.plist */,
				270F6F231A903B61007016F8 /* main.m */,
			);
			name = "Supporting Files";
			sourceTree = "<group>";
		};
		270F6F3A1A903B61007016F8 /* RecThroughUnitTests */ = {
			isa = PBXGroup;
			children = (
				270F6F3D1A903B61007016F8 /* RecThroughUnitTests.m */,
				270F6F3B1A903B61007016F8 /* Supporting Files */,
			);
			path = RecThroughUnitTests;
			sourceTree = "<group>";
		};
		270F6F3B1A903B61007016F8 /* Supporting Files */ = {
			isa = PBXGroup;
			children = (
				270F6F3C1A903B61007016F8 /* Info.plist */,
			);
			name = "Supporting Files";
			sourceTree = "<group>";
		};
/* End PBXGroup section */

/* Begin PBXNativeTarget section */
		270F6F1D1A903B61007016F8 /* RecThroughUnit */ = {
			isa = PBXNativeTarget;
			buildConfigurationList = 270F6F411A903B61007016F8 /* Build configuration list for PBXNativeTarget "RecThroughUnit" */;
			buildPhases = (
				270F6F1A1A903B61007016F8 /* Sources */,
				270F6F1B1A903B61007016F8 /* Frameworks */,
				270F6F1C1A903B61007016F8 /* Resources */,
			);
			buildRules = (
			);
			dependencies = (
			);
			name = RecThroughUnit;
			productName = RecThroughUnit;
			productReference = 270F6F1E1A903B61007016F8 /* RecThroughUnit.app */;
			productType = "com.apple.product-type.application";
		};
		270F6F361A903B61007016F8 /* RecThroughUnitTests */ = {
			isa = PBXNativeTarget;
			buildConfigurationList = 270F6F441A903B61007016F8 /* Build configuration list for PBXNativeTarget "RecThroughUnitTests" */;
			buildPhases = (
				270F6F331A903B61007016F8 /* Sources */,
				270F6F341A903B61007016F8 /* Frameworks */,
				270F6F351A903B61007016F8 /* Resources */,
			);
			buildRules = (
			);
			dependencies = (
				270F6F391A903B61007016F8 /* PBXTargetDependency */,
			);
			name = RecThroughUnitTests;
			productName = RecThroughUnitTests;
			productReference = 270F6F371A903B61007016F8 /* RecThroughUnitTests.xctest */;
			productType = "com.apple.product-type.bundle.unit-test";
		};
/* End PBXNativeTarget section */

/* Begin PBXProject section */
		270F6F161A903B61007016F8 /* Project object */ = {
			isa = PBXProject;
			attributes = {
				LastUpgradeCheck = 0610;
				ORGANIZATIONNAME = "片山隆介";
				TargetAttributes = {
					270F6F1D1A903B61007016F8 = {
						CreatedOnToolsVersion = 6.1;
					};
					270F6F361A903B61007016F8 = {
						CreatedOnToolsVersion = 6.1;
						TestTargetID = 270F6F1D1A903B61007016F8;
					};
				};
			};
			buildConfigurationList = 270F6F191A903B61007016F8 /* Build configuration list for PBXProject "RecThroughUnit" */;
			compatibilityVersion = "Xcode 3.2";
			developmentRegion = English;
			hasScannedForEncodings = 0;
			knownRegions = (
				en,
				Base,
			);
			mainGroup = 270F6F151A903B61007016F8;
			productRefGroup = 270F6F1F1A903B61007016F8 /* Products */;
			projectDirPath = "";
			projectRoot = "";
			targets = (
				270F6F1D1A903B61007016F8 /* RecThroughUnit */,
				270F6F361A903B61007016F8 /* RecThroughUnitTests */,
			);
		};
/* End PBXProject section */

/* Begin PBXResourcesBuildPhase section */
		270F6F1C1A903B61007016F8 /* Resources */ = {
			isa = PBXResourcesBuildPhase;
			buildActionMask = 2147483647;
			files = (
				270F6F2D1A903B61007016F8 /* Main.storyboard in Resources */,
				270F6F321A903B61007016F8 /* LaunchScreen.xib in Resources */,
				270F6F2F1A903B61007016F8 /* Images.xcassets in Resources */,
			);
			runOnlyForDeploymentPostprocessing = 0;
		};
		270F6F351A903B61007016F8 /* Resources */ = {
			isa = PBXResourcesBuildPhase;
			buildActionMask = 2147483647;
			files = (
			);
			runOnlyForDeploymentPostprocessing = 0;
		};
/* End PBXResourcesBuildPhase section */

/* Begin PBXSourcesBuildPhase section */
		270F6F1A1A903B61007016F8 /* Sources */ = {
			isa = PBXSourcesBuildPhase;
			buildActionMask = 2147483647;
			files = (
				270F6F2A1A903B61007016F8 /* ViewController.m in Sources */,
				270F6F271A903B61007016F8 /* AppDelegate.m in Sources */,
				270F6F241A903B61007016F8 /* main.m in Sources */,
			);
			runOnlyForDeploymentPostprocessing = 0;
		};
		270F6F331A903B61007016F8 /* Sources */ = {
			isa = PBXSourcesBuildPhase;
			buildActionMask = 2147483647;
			files = (
				270F6F3E1A903B61007016F8 /* RecThroughUnitTests.m in Sources */,
			);
			runOnlyForDeploymentPostprocessing = 0;
		};
/* End PBXSourcesBuildPhase section */

/* Begin PBXTargetDependency section */
		270F6F391A903B61007016F8 /* PBXTargetDependency */ = {
			isa = PBXTargetDependency;
			target = 270F6F1D1A903B61007016F8 /* RecThroughUnit */;
			targetProxy = 270F6F381A903B61007016F8 /* PBXContainerItemProxy */;
		};
/* End PBXTargetDependency section */

/* Begin PBXVariantGroup section */
		270F6F2B1A903B61007016F8 /* Main.storyboard */ = {
			isa = PBXVariantGroup;
			children = (
				270F6F2C1A903B61007016F8 /* Base */,
			);
			name = Main.storyboard;
			sourceTree = "<group>";
		};
		270F6F301A903B61007016F8 /* LaunchScreen.xib */ = {
			isa = PBXVariantGroup;
			children = (
				270F6F311A903B61007016F8 /* Base */,
			);
			name = LaunchScreen.xib;
			sourceTree = "<group>";
		};
/* End PBXVariantGroup section */

/* Begin XCBuildConfiguration section */
		270F6F3F1A903B61007016F8 /* Debug */ = {
			isa = XCBuildConfiguration;
			buildSettings = {
				ALWAYS_SEARCH_USER_PATHS = NO;
				CLANG_CXX_LANGUAGE_STANDARD = "gnu++0x";
				CLANG_CXX_LIBRARY = "libc++";
				CLANG_ENABLE_MODULES = YES;
				CLANG_ENABLE_OBJC_ARC = YES;
				CLANG_WARN_BOOL_CONVERSION = YES;
				CLANG_WARN_CONSTANT_CONVERSION = YES;
				CLANG_WARN_DIRECT_OBJC_ISA_USAGE = YES_ERROR;
				CLANG_WARN_EMPTY_BODY = YES;
				CLANG_WARN_ENUM_CONVERSION = YES;
				CLANG_WARN_INT_CONVERSION = YES;
				CLANG_WARN_OBJC_ROOT_CLASS = YES_ERROR;
				CLANG_WARN_UNREACHABLE_CODE = YES;
				CLANG_WARN__DUPLICATE_METHOD_MATCH = YES;
				"CODE_SIGN_IDENTITY[sdk=iphoneos*]" = "iPhone Developer";
				COPY_PHASE_STRIP = NO;
				ENABLE_STRICT_OBJC_MSGSEND = YES;
				GCC_C_LANGUAGE_STANDARD = gnu99;
				GCC_DYNAMIC_NO_PIC = NO;
				GCC_OPTIMIZATION_LEVEL = 0;
				GCC_PREPROCESSOR_DEFINITIONS = (
					"DEBUG=1",
					"$(inherited)",
				);
				GCC_SYMBOLS_PRIVATE_EXTERN = NO;
				GCC_WARN_64_TO_32_BIT_CONVERSION = YES;
				GCC_WARN_ABOUT_RETURN_TYPE = YES_ERROR;
				GCC_WARN_UNDECLARED_SELECTOR = YES;
				GCC_WARN_UNINITIALIZED_AUTOS = YES_AGGRESSIVE;
				GCC_WARN_UNUSED_FUNCTION = YES;
				GCC_WARN_UNUSED_VARIABLE = YES;
				IPHONEOS_DEPLOYMENT_TARGET = 8.1;
				MTL_ENABLE_DEBUG_INFO = YES;
				ONLY_ACTIVE_ARCH = YES;
				SDKROOT = iphoneos;
				TARGETED_DEVICE_FAMILY = "1,2";
			};
			name = Debug;
		};
		270F6F401A903B61007016F8 /* Release */ = {
			isa = XCBuildConfiguration;
			buildSettings = {
				ALWAYS_SEARCH_USER_PATHS = NO;
				CLANG_CXX_LANGUAGE_STANDARD = "gnu++0x";
				CLANG_CXX_LIBRARY = "libc++";
				CLANG_ENABLE_MODULES = YES;
				CLANG_ENABLE_OBJC_ARC = YES;
				CLANG_WARN_BOOL_CONVERSION = YES;
				CLANG_WARN_CONSTANT_CONVERSION = YES;
				CLANG_WARN_DIRECT_OBJC_ISA_USAGE = YES_ERROR;
				CLANG_WARN_EMPTY_BODY = YES;
				CLANG_WARN_ENUM_CONVERSION = YES;
				CLANG_WARN_INT_CONVERSION = YES;
				CLANG_WARN_OBJC_ROOT_CLASS = YES_ERROR;
				CLANG_WARN_UNREACHABLE_CODE = YES;
				CLANG_WARN__DUPLICATE_METHOD_MATCH = YES;
				"CODE_SIGN_IDENTITY[sdk=iphoneos*]" = "iPhone Developer";
				COPY_PHASE_STRIP = YES;
				ENABLE_NS_ASSERTIONS = NO;
				ENABLE_STRICT_OBJC_MSGSEND = YES;
				GCC_C_LANGUAGE_STANDARD = gnu99;
				GCC_WARN_64_TO_32_BIT_CONVERSION = YES;
				GCC_WARN_ABOUT_RETURN_TYPE = YES_ERROR;
				GCC_WARN_UNDECLARED_SELECTOR = YES;
				GCC_WARN_UNINITIALIZED_AUTOS = YES_AGGRESSIVE;
				GCC_WARN_UNUSED_FUNCTION = YES;
				GCC_WARN_UNUSED_VARIABLE = YES;
				IPHONEOS_DEPLOYMENT_TARGET = 8.1;
				MTL_ENABLE_DEBUG_INFO = NO;
				SDKROOT = iphoneos;
				TARGETED_DEVICE_FAMILY = "1,2";
				VALIDATE_PRODUCT = YES;
			};
			name = Release;
		};
		270F6F421A903B61007016F8 /* Debug */ = {
			isa = XCBuildConfiguration;
			buildSettings = {
				ASSETCATALOG_COMPILER_APPICON_NAME = AppIcon;
				INFOPLIST_FILE = RecThroughUnit/Info.plist;
				LD_RUNPATH_SEARCH_PATHS = "$(inherited) @executable_path/Frameworks";
				PRODUCT_NAME = "$(TARGET_NAME)";
			};
			name = Debug;
		};
		270F6F431A903B61007016F8 /* Release */ = {
			isa = XCBuildConfiguration;
			buildSettings = {
				ASSETCATALOG_COMPILER_APPICON_NAME = AppIcon;
				INFOPLIST_FILE = RecThroughUnit/Info.plist;
				LD_RUNPATH_SEARCH_PATHS = "$(inherited) @executable_path/Frameworks";
				PRODUCT_NAME = "$(TARGET_NAME)";
			};
			name = Release;
		};
		270F6F451A903B61007016F8 /* Debug */ = {
			isa = XCBuildConfiguration;
			buildSettings = {
				BUNDLE_LOADER = "$(TEST_HOST)";
				FRAMEWORK_SEARCH_PATHS = (
					"$(SDKROOT)/Developer/Library/Frameworks",
					"$(inherited)",
				);
				GCC_PREPROCESSOR_DEFINITIONS = (
					"DEBUG=1",
					"$(inherited)",
				);
				INFOPLIST_FILE = RecThroughUnitTests/Info.plist;
				LD_RUNPATH_SEARCH_PATHS = "$(inherited) @executable_path/Frameworks @loader_path/Frameworks";
				PRODUCT_NAME = "$(TARGET_NAME)";
				TEST_HOST = "$(BUILT_PRODUCTS_DIR)/RecThroughUnit.app/RecThroughUnit";
			};
			name = Debug;
		};
		270F6F461A903B61007016F8 /* Release */ = {
			isa = XCBuildConfiguration;
			buildSettings = {
				BUNDLE_LOADER = "$(TEST_HOST)";
				FRAMEWORK_SEARCH_PATHS = (
					"$(SDKROOT)/Developer/Library/Frameworks",
					"$(inherited)",
				);
				INFOPLIST_FILE = RecThroughUnitTests/Info.plist;
				LD_RUNPATH_SEARCH_PATHS = "$(inherited) @executable_path/Frameworks @loader_path/Frameworks";
				PRODUCT_NAME = "$(TARGET_NAME)";
				TEST_HOST = "$(BUILT_PRODUCTS_DIR)/RecThroughUnit.app/RecThroughUnit";
			};
			name = Release;
		};
/* End XCBuildConfiguration section */

/* Begin XCConfigurationList section */
		270F6F191A903B61007016F8 /* Build configuration list for PBXProject "RecThroughUnit" */ = {
			isa = XCConfigurationList;
			buildConfigurations = (
				270F6F3F1A903B61007016F8 /* Debug */,
				270F6F401A903B61007016F8 /* Release */,
			);
			defaultConfigurationIsVisible = 0;
			defaultConfigurationName = Release;
		};
		270F6F411A903B61007016F8 /* Build configuration list for PBXNativeTarget "RecThroughUnit" */ = {
			isa = XCConfigurationList;
			buildConfigurations = (
				270F6F421A903B61007016F8 /* Debug */,
				270F6F431A903B61007016F8 /* Release */,
			);
			defaultConfigurationIsVisible = 0;
		};
		270F6F441A903B61007016F8 /* Build configuration list for PBXNativeTarget "RecThroughUnitTests" */ = {
			isa = XCConfigurationList;
			buildConfigurations = (
				270F6F451A903B61007016F8 /* Debug */,
				270F6F461A903B61007016F8 /* Release */,
			);
			defaultConfigurationIsVisible = 0;
		};
/* End XCConfigurationList section */
	};
	rootObject = 270F6F161A903B61007016F8 /* Project object */;
}
